
Microsoft Visual Studio Solution File, Format Version 12.00
# Visual Studio Version 17
VisualStudioVersion = 17.14.37314.3 d17.14
MinimumVisualStudioVersion = 10.0.40219.1
Project("{FAE04EC0-301F-11D3-BF4B-00C04F79EFBC}") = "NeighborHub Backend", "NeighborHub Backend\NeighborHub Backend.csproj", "{16177CB3-750F-487A-B312-4761DF4AE3B2}"
EndProject
Global
	GlobalSection(SolutionConfigurationPlatforms) = preSolution
		Debug|Any CPU = Debug|Any CPU
		Release|Any CPU = Release|Any CPU
	EndGlobalSection
	GlobalSection(ProjectConfigurationPlatforms) = postSolution
		{16177CB3-750F-487A-B312-4761DF4AE3B2}.Debug|Any CPU.ActiveCfg = Debug|Any CPU
		{16177CB3-750F-487A-B312-4761DF4AE3B2}.Debug|Any CPU.Build.0 = Debug|Any CPU
		{16177CB3-750F-487A-B312-4761DF4AE3B2}.Release|Any CPU.ActiveCfg = Release|Any CPU
		{16177CB3-750F-487A-B312-4761DF4AE3B2}.Release|Any CPU.Build.0 = Release|Any CPU
	EndGlobalSection
	GlobalSection(SolutionProperties) = preSolution
		HideSolutionNode = FALSE
	EndGlobalSection
	GlobalSection(ExtensibilityGlobals) = postSolution
		SolutionGuid = {6DB70635-7085-4E04-8800-70B78EA94A9E}
	EndGlobalSection
EndGlobal
